Microsoft Visual Studio Solution File, Format Version 12.00
# Visual Studio Version 17
VisualStudioVersion = 17.5.2.0
MinimumVisualStudioVersion = 10.0.40219.1
Project("{2150E333-8FDC-42A3-9474-1A3956D46DE8}") = "CSharpUI", "CSharpUI", "{7357FC45-6F6C-C384-AC05-AFBFD1871F9D}"
EndProject
Project("{FAE04EC0-301F-11D3-BF4B-00C04F79EFBC}") = "CompressionTool", "CSharpUI\CompressionTool\CompressionTool.csproj", "{ADD44835-E14A-1A66-C28D-0C1140F9C9F9}"
EndProject
Global
	GlobalSection(SolutionConfigurationPlatforms) = preSolution
		Debug|Any CPU = Debug|Any CPU
		Release|Any CPU = Release|Any CPU
	EndGlobalSection
	GlobalSection(ProjectConfigurationPlatforms) = postSolution
		{ADD44835-E14A-1A66-C28D-0C1140F9C9F9}.Debug|Any CPU.ActiveCfg = Debug|Any CPU
		{ADD44835-E14A-1A66-C28D-0C1140F9C9F9}.Debug|Any CPU.Build.0 = Debug|Any CPU
		{ADD44835-E14A-1A66-C28D-0C1140F9C9F9}.Release|Any CPU.ActiveCfg = Release|Any CPU
		{ADD44835-E14A-1A66-C28D-0C1140F9C9F9}.Release|Any CPU.Build.0 = Release|Any CPU
	EndGlobalSection
	GlobalSection(SolutionProperties) = preSolution
		HideSolutionNode = FALSE
	EndGlobalSection
	GlobalSection(NestedProjects) = preSolution
		{ADD44835-E14A-1A66-C28D-0C1140F9C9F9} = {7357FC45-6F6C-C384-AC05-AFBFD1871F9D}
	EndGlobalSection
	GlobalSection(ExtensibilityGlobals) = postSolution
		SolutionGuid = {FC820E1D-C361-4EA7-B928-46AFDF17CFC6}
	EndGlobalSection
EndGlobal
